
Microsoft Visual Studio Solution File, Format Version 12.00
# Visual Studio Version 17
VisualStudioVersion = 17.1.32210.238
MinimumVisualStudioVersion = 10.0.40219.1
Project("{FAE04EC0-301F-11D3-BF4B-00C04F79EFBC}") = "WebHocThem", "WebHocThem\WebHocThem.csproj", "{2EB838AF-2F91-498C-8F8F-6E2100D8CAAF}"
EndProject
Global
	GlobalSection(SolutionConfigurationPlatforms) = preSolution
		Debug|Any CPU = Debug|Any CPU
		Release|Any CPU = Release|Any CPU
	EndGlobalSection
	GlobalSection(ProjectConfigurationPlatforms) = postSolution
		{2EB838AF-2F91-498C-8F8F-6E2100D8CAAF}.Debug|Any CPU.ActiveCfg = Debug|Any CPU
		{2EB838AF-2F91-498C-8F8F-6E2100D8CAAF}.Debug|Any CPU.Build.0 = Debug|Any CPU
		{2EB838AF-2F91-498C-8F8F-6E2100D8CAAF}.Release|Any CPU.ActiveCfg = Release|Any CPU
		{2EB838AF-2F91-498C-8F8F-6E2100D8CAAF}.Release|Any CPU.Build.0 = Release|Any CPU
	EndGlobalSection
	GlobalSection(SolutionProperties) = preSolution
		HideSolutionNode = FALSE
	EndGlobalSection
	GlobalSection(ExtensibilityGlobals) = postSolution
		SolutionGuid = {8643B3A4-95BA-4AC6-980A-E49936C3174A}
	EndGlobalSection
EndGlobal
